
Microsoft Visual Studio Solution File, Format Version 12.00
# Visual Studio Version 16
VisualStudioVersion = 16.0.31112.23
MinimumVisualStudioVersion = 10.0.40219.1
Project("{FAE04EC0-301F-11D3-BF4B-00C04F79EFBC}") = "GuessingGameExample", "GuessingGameExample\GuessingGameExample.csproj", "{670D8A9B-9AC7-4BF0-89B4-C76A2822BD19}"
EndProject
Global
	GlobalSection(SolutionConfigurationPlatforms) = preSolution
		Debug|Any CPU = Debug|Any CPU
		Release|Any CPU = Release|Any CPU
	EndGlobalSection
	GlobalSection(ProjectConfigurationPlatforms) = postSolution
		{670D8A9B-9AC7-4BF0-89B4-C76A2822BD19}.Debug|Any CPU.ActiveCfg = Debug|Any CPU
		{670D8A9B-9AC7-4BF0-89B4-C76A2822BD19}.Debug|Any CPU.Build.0 = Debug|Any CPU
		{670D8A9B-9AC7-4BF0-89B4-C76A2822BD19}.Release|Any CPU.ActiveCfg = Release|Any CPU
		{670D8A9B-9AC7-4BF0-89B4-C76A2822BD19}.Release|Any CPU.Build.0 = Release|Any CPU
	EndGlobalSection
	GlobalSection(SolutionProperties) = preSolution
		HideSolutionNode = FALSE
	EndGlobalSection
	GlobalSection(ExtensibilityGlobals) = postSolution
		SolutionGuid = {83029CA7-F5E7-4D6F-AA53-87D3F5FC5F41}
	EndGlobalSection
EndGlobal
